// !$*UTF8*$!
{
	archiveVersion = 1;
	classes = {
	};
	objectVersion = 46;
	objects = {

/* Begin PBXBuildFile section */
		E018CC591D8E646A00A42C05 /* AppDelegate.swift in Sources */ = {isa = PBXBuildFile; fileRef = E018CC581D8E646A00A42C05 /* AppDelegate.swift */; };
		E018CC5B1D8E646A00A42C05 /* ViewController.swift in Sources */ = {isa = PBXBuildFile; fileRef = E018CC5A1D8E646A00A42C05 /* ViewController.swift */; };
		E018CC5E1D8E646A00A42C05 /* Main.storyboard in Resources */ = {isa = PBXBuildFile; fileRef = E018CC5C1D8E646A00A42C05 /* Main.storyboard */; };
		E018CC601D8E646A00A42C05 /* Assets.xcassets in Resources */ = {isa = PBXBuildFile; fileRef = E018CC5F1D8E646A00A42C05 /* Assets.xcassets */; };
		E018CC631D8E646A00A42C05 /* LaunchScreen.storyboard in Resources */ = {isa = PBXBuildFile; fileRef = E018CC611D8E646A00A42C05 /* LaunchScreen.storyboard */; };
		E018CC6E1D8E646B00A42C05 /* tipcalculatorTests.swift in Sources */ = {isa = PBXBuildFile; fileRef = E018CC6D1D8E646A00A42C05 /* tipcalculatorTests.swift */; };
		E018CC791D8E646B00A42C05 /* tipcalculatorUITests.swift in Sources */ = {isa = PBXBuildFile; fileRef = E018CC781D8E646B00A42C05 /* tipcalculatorUITests.swift */; };
/* End PBXBuildFile section */

/* Begin PBXContainerItemProxy section */
		E018CC6A1D8E646A00A42C05 /* PBXContainerItemProxy */ = {
			isa = PBXContainerItemProxy;
			containerPortal = E018CC4D1D8E646A00A42C05 /* Project object */;
			proxyType = 1;
			remoteGlobalIDString = E018CC541D8E646A00A42C05;
			remoteInfo = tipcalculator;
		};
		E018CC751D8E646B00A42C05 /* PBXContainerItemProxy */ = {
			isa = PBXContainerItemProxy;
			containerPortal = E018CC4D1D8E646A00A42C05 /* Project object */;
			proxyType = 1;
			remoteGlobalIDString = E018CC541D8E646A00A42C05;
			remoteInfo = tipcalculator;
		};
/* End PBXContainerItemProxy section */

/* Begin PBXFileReference section */
		E018CC551D8E646A00A42C05 /* tipcalculator.app */ = {isa = PBXFileReference; explicitFileType = wrapper.application; includeInIndex = 0; path = tipcalculator.app; sourceTree = BUILT_PRODUCTS_DIR; };
		E018CC581D8E646A00A42C05 /* AppDelegate.swift */ = {isa = PBXFileReference; lastKnownFileType = sourcecode.swift; path = AppDelegate.swift; sourceTree = "<group>"; };
		E018CC5A1D8E646A00A42C05 /* ViewController.swift */ = {isa = PBXFileReference; lastKnownFileType = sourcecode.swift; path = ViewController.swift; sourceTree = "<group>"; };
		E018CC5D1D8E646A00A42C05 /* Base */ = {isa = PBXFileReference; lastKnownFileType = file.storyboard; name = Base; path = Base.lproj/Main.storyboard; sourceTree = "<group>"; };
		E018CC5F1D8E646A00A42C05 /* Assets.xcassets */ = {isa = PBXFileReference; lastKnownFileType = folder.assetcatalog; path = Assets.xcassets; sourceTree = "<group>"; };
		E018CC621D8E646A00A42C05 /* Base */ = {isa = PBXFileReference; lastKnownFileType = file.storyboard; name = Base; path = Base.lproj/LaunchScreen.storyboard; sourceTree = "<group>"; };
		E018CC641D8E646A00A42C05 /* Info.plist */ = {isa = PBXFileReference; lastKnownFileType = text.plist.xml; path = Info.plist; sourceTree = "<group>"; };
		E018CC691D8E646A00A42C05 /* tipcalculatorTests.xctest */ = {isa = PBXFileReference; explicitFileType = wrapper.cfbundle; includeInIndex = 0; path = tipcalculatorTests.xctest; sourceTree = BUILT_PRODUCTS_DIR; };
		E018CC6D1D8E646A00A42C05 /* tipcalculatorTests.swift */ = {isa = PBXFileReference; lastKnownFileType = sourcecode.swift; path = tipcalculatorTests.swift; sourceTree = "<group>"; };
		E018CC6F1D8E646B00A42C05 /* Info.plist */ = {isa = PBXFileReference; lastKnownFileType = text.plist.xml; path = Info.plist; sourceTree = "<group>"; };
		E018CC741D8E646B00A42C05 /* tipcalculatorUITests.xctest */ = {isa = PBXFileReference; explicitFileType = wrapper.cfbundle; includeInIndex = 0; path = tipcalculatorUITests.xctest; sourceTree = BUILT_PRODUCTS_DIR; };
		E018CC781D8E646B00A42C05 /* tipcalculatorUITests.swift */ = {isa = PBXFileReference; lastKnownFileType = sourcecode.swift; path = tipcalculatorUITests.swift; sourceTree = "<group>"; };
		E018CC7A1D8E646B00A42C05 /* Info.plist */ = {isa = PBXFileReference; lastKnownFileType = text.plist.xml; path = Info.plist; sourceTree = "<group>"; };
/* End PBXFileReference section */

/* Begin PBXFrameworksBuildPhase section */
		E018CC521D8E646A00A42C05 /* Frameworks */ = {
			isa = PBXFrameworksBuildPhase;
			buildActionMask = 2147483647;
			files = (
			);
			runOnlyForDeploymentPostprocessing = 0;
		};
		E018CC661D8E646A00A42C05 /* Frameworks */ = {
			isa = PBXFrameworksBuildPhase;
			buildActionMask = 2147483647;
			files = (
			);
			runOnlyForDeploymentPostprocessing = 0;
		};
		E018CC711D8E646B00A42C05 /* Frameworks */ = {
			isa = PBXFrameworksBuildPhase;
			buildActionMask = 2147483647;
			files = (
			);
			runOnlyForDeploymentPostprocessing = 0;
		};
/* End PBXFrameworksBuildPhase section */

/* Begin PBXGroup section */
		E018CC4C1D8E646A00A42C05 = {
			isa = PBXGroup;
			children = (
				E018CC571D8E646A00A42C05 /* tipcalculator */,
				E018CC6C1D8E646A00A42C05 /* tipcalculatorTests */,
				E018CC771D8E646B00A42C05 /* tipcalculatorUITests */,
				E018CC561D8E646A00A42C05 /* Products */,
			);
			sourceTree = "<group>";
		};
		E018CC561D8E646A00A42C05 /* Products */ = {
			isa = PBXGroup;
			children = (
				E018CC551D8E646A00A42C05 /* tipcalculator.app */,
				E018CC691D8E646A00A42C05 /* tipcalculatorTests.xctest */,
				E018CC741D8E646B00A42C05 /* tipcalculatorUITests.xctest */,
			);
			name = Products;
			sourceTree = "<group>";
		};
		E018CC571D8E646A00A42C05 /* tipcalculator */ = {
			isa = PBXGroup;
			children = (
				E018CC581D8E646A00A42C05 /* AppDelegate.swift */,
				E018CC5A1D8E646A00A42C05 /* ViewController.swift */,
				E018CC5C1D8E646A00A42C05 /* Main.storyboard */,
				E018CC5F1D8E646A00A42C05 /* Assets.xcassets */,
				E018CC611D8E646A00A42C05 /* LaunchScreen.storyboard */,
				E018CC641D8E646A00A42C05 /* Info.plist */,
			);
			path = tipcalculator;
			sourceTree = "<group>";
		};
		E018CC6C1D8E646A00A42C05 /* tipcalculatorTests */ = {
			isa = PBXGroup;
			children = (
				E018CC6D1D8E646A00A42C05 /* tipcalculatorTests.swift */,
				E018CC6F1D8E646B00A42C05 /* Info.plist */,
			);
			path = tipcalculatorTests;
			sourceTree = "<group>";
		};
		E018CC771D8E646B00A42C05 /* tipcalculatorUITests */ = {
			isa = PBXGroup;
			children = (
				E018CC781D8E646B00A42C05 /* tipcalculatorUITests.swift */,
				E018CC7A1D8E646B00A42C05 /* Info.plist */,
			);
			path = tipcalculatorUITests;
			sourceTree = "<group>";
		};
/* End PBXGroup section */

/* Begin PBXNativeTarget section */
		E018CC541D8E646A00A42C05 /* tipcalculator */ = {
			isa = PBXNativeTarget;
			buildConfigurationList = E018CC7D1D8E646B00A42C05 /* Build configuration list for PBXNativeTarget "tipcalculator" */;
			buildPhases = (
				E018CC511D8E646A00A42C05 /* Sources */,
				E018CC521D8E646A00A42C05 /* Frameworks */,
				E018CC531D8E646A00A42C05 /* Resources */,
			);
			buildRules = (
			);
			dependencies = (
			);
			name = tipcalculator;
			productName = tipcalculator;
			productReference = E018CC551D8E646A00A42C05 /* tipcalculator.app */;
			productType = "com.apple.product-type.application";
		};
		E018CC681D8E646A00A42C05 /* tipcalculatorTests */ = {
			isa = PBXNativeTarget;
			buildConfigurationList = E018CC801D8E646B00A42C05 /* Build configuration list for PBXNativeTarget "tipcalculatorTests" */;
			buildPhases = (
				E018CC651D8E646A00A42C05 /* Sources */,
				E018CC661D8E646A00A42C05 /* Frameworks */,
				E018CC671D8E646A00A42C05 /* Resources */,
			);
			buildRules = (
			);
			dependencies = (
				E018CC6B1D8E646A00A42C05 /* PBXTargetDependency */,
			);
			name = tipcalculatorTests;
			productName = tipcalculatorTests;
			productReference = E018CC691D8E646A00A42C05 /* tipcalculatorTests.xctest */;
			productType = "com.apple.product-type.bundle.unit-test";
		};
		E018CC731D8E646B00A42C05 /* tipcalculatorUITests */ = {
			isa = PBXNativeTarget;
			buildConfigurationList = E018CC831D8E646B00A42C05 /* Build configuration list for PBXNativeTarget "tipcalculatorUITests" */;
			buildPhases = (
				E018CC701D8E646B00A42C05 /* Sources */,
				E018CC711D8E646B00A42C05 /* Frameworks */,
				E018CC721D8E646B00A42C05 /* Resources */,
			);
			buildRules = (
			);
			dependencies = (
				E018CC761D8E646B00A42C05 /* PBXTargetDependency */,
			);
			name = tipcalculatorUITests;
			productName = tipcalculatorUITests;
			productReference = E018CC741D8E646B00A42C05 /* tipcalculatorUITests.xctest */;
			productType = "com.apple.product-type.bundle.ui-testing";
		};
/* End PBXNativeTarget section */

/* Begin PBXProject section */
		E018CC4D1D8E646A00A42C05 /* Project object */ = {
			isa = PBXProject;
			attributes = {
				LastSwiftUpdateCheck = 0800;
				LastUpgradeCheck = 0800;
				ORGANIZATIONNAME = "Amy Wu";
				TargetAttributes = {
					E018CC541D8E646A00A42C05 = {
						CreatedOnToolsVersion = 8.0;
						ProvisioningStyle = Automatic;
					};
					E018CC681D8E646A00A42C05 = {
						CreatedOnToolsVersion = 8.0;
						ProvisioningStyle = Automatic;
						TestTargetID = E018CC541D8E646A00A42C05;
					};
					E018CC731D8E646B00A42C05 = {
						CreatedOnToolsVersion = 8.0;
						ProvisioningStyle = Automatic;
						TestTargetID = E018CC541D8E646A00A42C05;
					};
				};
			};
			buildConfigurationList = E018CC501D8E646A00A42C05 /* Build configuration list for PBXProject "tipcalculator" */;
			compatibilityVersion = "Xcode 3.2";
			developmentRegion = English;
			hasScannedForEncodings = 0;
			knownRegions = (
				en,
				Base,
			);
			mainGroup = E018CC4C1D8E646A00A42C05;
			productRefGroup = E018CC561D8E646A00A42C05 /* Products */;
			projectDirPath = "";
			projectRoot = "";
			targets = (
				E018CC541D8E646A00A42C05 /* tipcalculator */,
				E018CC681D8E646A00A42C05 /* tipcalculatorTests */,
				E018CC731D8E646B00A42C05 /* tipcalculatorUITests */,
			);
		};
/* End PBXProject section */

/* Begin PBXResourcesBuildPhase section */
		E018CC531D8E646A00A42C05 /* Resources */ = {
			isa = PBXResourcesBuildPhase;
			buildActionMask = 2147483647;
			files = (
				E018CC631D8E646A00A42C05 /* LaunchScreen.storyboard in Resources */,
				E018CC601D8E646A00A42C05 /* Assets.xcassets in Resources */,
				E018CC5E1D8E646A00A42C05 /* Main.storyboard in Resources */,
			);
			runOnlyForDeploymentPostprocessing = 0;
		};
		E018CC671D8E646A00A42C05 /* Resources */ = {
			isa = PBXResourcesBuildPhase;
			buildActionMask = 2147483647;
			files = (
			);
			runOnlyForDeploymentPostprocessing = 0;
		};
		E018CC721D8E646B00A42C05 /* Resources */ = {
			isa = PBXResourcesBuildPhase;
			buildActionMask = 2147483647;
			files = (
			);
			runOnlyForDeploymentPostprocessing = 0;
		};
/* End PBXResourcesBuildPhase section */

/* Begin PBXSourcesBuildPhase section */
		E018CC511D8E646A00A42C05 /* Sources */ = {
			isa = PBXSourcesBuildPhase;
			buildActionMask = 2147483647;
			files = (
				E018CC5B1D8E646A00A42C05 /* ViewController.swift in Sources */,
				E018CC591D8E646A00A42C05 /* AppDelegate.swift in Sources */,
			);
			runOnlyForDeploymentPostprocessing = 0;
		};
		E018CC651D8E646A00A42C05 /* Sources */ = {
			isa = PBXSourcesBuildPhase;
			buildActionMask = 2147483647;
			files = (
				E018CC6E1D8E646B00A42C05 /* tipcalculatorTests.swift in Sources */,
			);
			runOnlyForDeploymentPostprocessing = 0;
		};
		E018CC701D8E646B00A42C05 /* Sources */ = {
			isa = PBXSourcesBuildPhase;
			buildActionMask = 2147483647;
			files = (
				E018CC791D8E646B00A42C05 /* tipcalculatorUITests.swift in Sources */,
			);
			runOnlyForDeploymentPostprocessing = 0;
		};
/* End PBXSourcesBuildPhase section */

/* Begin PBXTargetDependency section */
		E018CC6B1D8E646A00A42C05 /* PBXTargetDependency */ = {
			isa = PBXTargetDependency;
			target = E018CC541D8E646A00A42C05 /* tipcalculator */;
			targetProxy = E018CC6A1D8E646A00A42C05 /* PBXContainerItemProxy */;
		};
		E018CC761D8E646B00A42C05 /* PBXTargetDependency */ = {
			isa = PBXTargetDependency;
			target = E018CC541D8E646A00A42C05 /* tipcalculator */;
			targetProxy = E018CC751D8E646B00A42C05 /* PBXContainerItemProxy */;
		};
/* End PBXTargetDependency section */

/* Begin PBXVariantGroup section */
		E018CC5C1D8E646A00A42C05 /* Main.storyboard */ = {
			isa = PBXVariantGroup;
			children = (
				E018CC5D1D8E646A00A42C05 /* Base */,
			);
			name = Main.storyboard;
			sourceTree = "<group>";
		};
		E018CC611D8E646A00A42C05 /* LaunchScreen.storyboard */ = {
			isa = PBXVariantGroup;
			children = (
				E018CC621D8E646A00A42C05 /* Base */,
			);
			name = LaunchScreen.storyboard;
			sourceTree = "<group>";
		};
/* End PBXVariantGroup section */

/* Begin XCBuildConfiguration section */
		E018CC7B1D8E646B00A42C05 /* Debug */ = {
			isa = XCBuildConfiguration;
			buildSettings = {
				ALWAYS_SEARCH_USER_PATHS = NO;
				CLANG_ANALYZER_NONNULL = YES;
				CLANG_CXX_LANGUAGE_STANDARD = "gnu++0x";
				CLANG_CXX_LIBRARY = "libc++";
				CLANG_ENABLE_MODULES = YES;
				CLANG_ENABLE_OBJC_ARC = YES;
				CLANG_WARN_BOOL_CONVERSION = YES;
				CLANG_WARN_CONSTANT_CONVERSION = YES;
				CLANG_WARN_DIRECT_OBJC_ISA_USAGE = YES_ERROR;
				CLANG_WARN_DOCUMENTATION_COMMENTS = YES;
				CLANG_WARN_EMPTY_BODY = YES;
				CLANG_WARN_ENUM_CONVERSION = YES;
				CLANG_WARN_INFINITE_RECURSION = YES;
				CLANG_WARN_INT_CONVERSION = YES;
				CLANG_WARN_OBJC_ROOT_CLASS = YES_ERROR;
				CLANG_WARN_SUSPICIOUS_MOVES = YES;
				CLANG_WARN_UNREACHABLE_CODE = YES;
				CLANG_WARN__DUPLICATE_METHOD_MATCH = YES;
				"CODE_SIGN_IDENTITY[sdk=iphoneos*]" = "iPhone Developer";
				COPY_PHASE_STRIP = NO;
				DEBUG_INFORMATION_FORMAT = dwarf;
				ENABLE_STRICT_OBJC_MSGSEND = YES;
				ENABLE_TESTABILITY = YES;
				GCC_C_LANGUAGE_STANDARD = gnu99;
				GCC_DYNAMIC_NO_PIC = NO;
				GCC_NO_COMMON_BLOCKS = YES;
				GCC_OPTIMIZATION_LEVEL = 0;
				GCC_PREPROCESSOR_DEFINITIONS = (
					"DEBUG=1",
					"$(inherited)",
				);
				GCC_WARN_64_TO_32_BIT_CONVERSION = YES;
				GCC_WARN_ABOUT_RETURN_TYPE = YES_ERROR;
				GCC_WARN_UNDECLARED_SELECTOR = YES;
				GCC_WARN_UNINITIALIZED_AUTOS = YES_AGGRESSIVE;
				GCC_WARN_UNUSED_FUNCTION = YES;
				GCC_WARN_UNUSED_VARIABLE = YES;
				IPHONEOS_DEPLOYMENT_TARGET = 10.0;
				MTL_ENABLE_DEBUG_INFO = YES;
				ONLY_ACTIVE_ARCH = YES;
				SDKROOT = iphoneos;
				SWIFT_ACTIVE_COMPILATION_CONDITIONS = DEBUG;
				SWIFT_OPTIMIZATION_LEVEL = "-Onone";
			};
			name = Debug;
		};
		E018CC7C1D8E646B00A42C05 /* Release */ = {
			isa = XCBuildConfiguration;
			buildSettings = {
				ALWAYS_SEARCH_USER_PATHS = NO;
				CLANG_ANALYZER_NONNULL = YES;
				CLANG_CXX_LANGUAGE_STANDARD = "gnu++0x";
				CLANG_CXX_LIBRARY = "libc++";
				CLANG_ENABLE_MODULES = YES;
				CLANG_ENABLE_OBJC_ARC = YES;
				CLANG_WARN_BOOL_CONVERSION = YES;
				CLANG_WARN_CONSTANT_CONVERSION = YES;
				CLANG_WARN_DIRECT_OBJC_ISA_USAGE = YES_ERROR;
				CLANG_WARN_DOCUMENTATION_COMMENTS = YES;
				CLANG_WARN_EMPTY_BODY = YES;
				CLANG_WARN_ENUM_CONVERSION = YES;
				CLANG_WARN_INFINITE_RECURSION = YES;
				CLANG_WARN_INT_CONVERSION = YES;
				CLANG_WARN_OBJC_ROOT_CLASS = YES_ERROR;
				CLANG_WARN_SUSPICIOUS_MOVES = YES;
				CLANG_WARN_UNREACHABLE_CODE = YES;
				CLANG_WARN__DUPLICATE_METHOD_MATCH = YES;
				"CODE_SIGN_IDENTITY[sdk=iphoneos*]" = "iPhone Developer";
				COPY_PHASE_STRIP = NO;
				DEBUG_INFORMATION_FORMAT = "dwarf-with-dsym";
				ENABLE_NS_ASSERTIONS = NO;
				ENABLE_STRICT_OBJC_MSGSEND = YES;
				GCC_C_LANGUAGE_STANDARD = gnu99;
				GCC_NO_COMMON_BLOCKS = YES;
				GCC_WARN_64_TO_32_BIT_CONVERSION = YES;
				GCC_WARN_ABOUT_RETURN_TYPE = YES_ERROR;
				GCC_WARN_UNDECLARED_SELECTOR = YES;
				GCC_WARN_UNINITIALIZED_AUTOS = YES_AGGRESSIVE;
				GCC_WARN_UNUSED_FUNCTION = YES;
				GCC_WARN_UNUSED_VARIABLE = YES;
				IPHONEOS_DEPLOYMENT_TARGET = 10.0;
				MTL_ENABLE_DEBUG_INFO = NO;
				SDKROOT = iphoneos;
				SWIFT_OPTIMIZATION_LEVEL = "-Owholemodule";
				VALIDATE_PRODUCT = YES;
			};
			name = Release;
		};
		E018CC7E1D8E646B00A42C05 /* Debug */ = {
			isa = XCBuildConfiguration;
			buildSettings = {
				ASSETCATALOG_COMPILER_APPICON_NAME = AppIcon;
				INFOPLIST_FILE = tipcalculator/Info.plist;
				LD_RUNPATH_SEARCH_PATHS = "$(inherited) @executable_path/Frameworks";
				PRODUCT_BUNDLE_IDENTIFIER = codepath.tipcalculator;
				PRODUCT_NAME = "$(TARGET_NAME)";
				SWIFT_VERSION = 3.0;
			};
			name = Debug;
		};
		E018CC7F1D8E646B00A42C05 /* Release */ = {
			isa = XCBuildConfiguration;
			buildSettings = {
				ASSETCATALOG_COMPILER_APPICON_NAME = AppIcon;
				INFOPLIST_FILE = tipcalculator/Info.plist;
				LD_RUNPATH_SEARCH_PATHS = "$(inherited) @executable_path/Frameworks";
				PRODUCT_BUNDLE_IDENTIFIER = codepath.tipcalculator;
				PRODUCT_NAME = "$(TARGET_NAME)";
				SWIFT_VERSION = 3.0;
			};
			name = Release;
		};
		E018CC811D8E646B00A42C05 /* Debug */ = {
			isa = XCBuildConfiguration;
			buildSettings = {
				BUNDLE_LOADER = "$(TEST_HOST)";
				INFOPLIST_FILE = tipcalculatorTests/Info.plist;
				LD_RUNPATH_SEARCH_PATHS = "$(inherited) @executable_path/Frameworks @loader_path/Frameworks";
				PRODUCT_BUNDLE_IDENTIFIER = codepath.tipcalculatorTests;
				PRODUCT_NAME = "$(TARGET_NAME)";
				SWIFT_VERSION = 3.0;
				TEST_HOST = "$(BUILT_PRODUCTS_DIR)/tipcalculator.app/tipcalculator";
			};
			name = Debug;
		};
		E018CC821D8E646B00A42C05 /* Release */ = {
			isa = XCBuildConfiguration;
			buildSettings = {
				BUNDLE_LOADER = "$(TEST_HOST)";
				INFOPLIST_FILE = tipcalculatorTests/Info.plist;
				LD_RUNPATH_SEARCH_PATHS = "$(inherited) @executable_path/Frameworks @loader_path/Frameworks";
				PRODUCT_BUNDLE_IDENTIFIER = codepath.tipcalculatorTests;
				PRODUCT_NAME = "$(TARGET_NAME)";
				SWIFT_VERSION = 3.0;
				TEST_HOST = "$(BUILT_PRODUCTS_DIR)/tipcalculator.app/tipcalculator";
			};
			name = Release;
		};
		E018CC841D8E646B00A42C05 /* Debug */ = {
			isa = XCBuildConfiguration;
			buildSettings = {
				INFOPLIST_FILE = tipcalculatorUITests/Info.plist;
				LD_RUNPATH_SEARCH_PATHS = "$(inherited) @executable_path/Frameworks @loader_path/Frameworks";
				PRODUCT_BUNDLE_IDENTIFIER = codepath.tipcalculatorUITests;
				PRODUCT_NAME = "$(TARGET_NAME)";
				SWIFT_VERSION = 3.0;
				TEST_TARGET_NAME = tipcalculator;
			};
			name = Debug;
		};
		E018CC851D8E646B00A42C05 /* Release */ = {
			isa = XCBuildConfiguration;
			buildSettings = {
				INFOPLIST_FILE = tipcalculatorUITests/Info.plist;
				LD_RUNPATH_SEARCH_PATHS = "$(inherited) @executable_path/Frameworks @loader_path/Frameworks";
				PRODUCT_BUNDLE_IDENTIFIER = codepath.tipcalculatorUITests;
				PRODUCT_NAME = "$(TARGET_NAME)";
				SWIFT_VERSION = 3.0;
				TEST_TARGET_NAME = tipcalculator;
			};
			name = Release;
		};
/* End XCBuildConfiguration section */

/* Begin XCConfigurationList section */
		E018CC501D8E646A00A42C05 /* Build configuration list for PBXProject "tipcalculator" */ = {
			isa = XCConfigurationList;
			buildConfigurations = (
				E018CC7B1D8E646B00A42C05 /* Debug */,
				E018CC7C1D8E646B00A42C05 /* Release */,
			);
			defaultConfigurationIsVisible = 0;
			defaultConfigurationName = Release;
		};
		E018CC7D1D8E646B00A42C05 /* Build configuration list for PBXNativeTarget "tipcalculator" */ = {
			isa = XCConfigurationList;
			buildConfigurations = (
				E018CC7E1D8E646B00A42C05 /* Debug */,
				E018CC7F1D8E646B00A42C05 /* Release */,
			);
			defaultConfigurationIsVisible = 0;
			defaultConfigurationName = Release;
		};
		E018CC801D8E646B00A42C05 /* Build configuration list for PBXNativeTarget "tipcalculatorTests" */ = {
			isa = XCConfigurationList;
			buildConfigurations = (
				E018CC811D8E646B00A42C05 /* Debug */,
				E018CC821D8E646B00A42C05 /* Release */,
			);
			defaultConfigurationIsVisible = 0;
			defaultConfigurationName = Release;
		};
		E018CC831D8E646B00A42C05 /* Build configuration list for PBXNativeTarget "tipcalculatorUITests" */ = {
			isa = XCConfigurationList;
			buildConfigurations = (
				E018CC841D8E646B00A42C05 /* Debug */,
				E018CC851D8E646B00A42C05 /* Release */,
			);
			defaultConfigurationIsVisible = 0;
			defaultConfigurationName = Release;
		};
/* End XCConfigurationList section */
	};
	rootObject = E018CC4D1D8E646A00A42C05 /* Project object */;
}
